
Microsoft Visual Studio Solution File, Format Version 12.00
# Visual Studio Version 17
VisualStudioVersion = 17.14.36930.0 d17.14
MinimumVisualStudioVersion = 10.0.40219.1
Project("{FAE04EC0-301F-11D3-BF4B-00C04F79EFBC}") = "OrderPricingSystem", "OrderPricingSystem.csproj", "{EA535247-725B-4956-928D-0218750A4A65}"
EndProject
Global
	GlobalSection(SolutionConfigurationPlatforms) = preSolution
		Debug|Any CPU = Debug|Any CPU
		Release|Any CPU = Release|Any CPU
	EndGlobalSection
	GlobalSection(ProjectConfigurationPlatforms) = postSolution
		{EA535247-725B-4956-928D-0218750A4A65}.Debug|Any CPU.ActiveCfg = Debug|Any CPU
		{EA535247-725B-4956-928D-0218750A4A65}.Debug|Any CPU.Build.0 = Debug|Any CPU
		{EA535247-725B-4956-928D-0218750A4A65}.Release|Any CPU.ActiveCfg = Release|Any CPU
		{EA535247-725B-4956-928D-0218750A4A65}.Release|Any CPU.Build.0 = Release|Any CPU
	EndGlobalSection
	GlobalSection(SolutionProperties) = preSolution
		HideSolutionNode = FALSE
	EndGlobalSection
	GlobalSection(ExtensibilityGlobals) = postSolution
		SolutionGuid = {0C4062C3-D70A-4433-8409-D94480AA94B3}
	EndGlobalSection
EndGlobal
